
Microsoft Visual Studio Solution File, Format Version 12.00
# Visual Studio 2015
Project("{FAE04EC0-301F-11D3-BF4B-00C04F79EFBC}") = "Store.CSharp.Plugins", "Store.CSharp.Plugins.csproj", "{0C03A208-C656-1D88-2504-29012CE75F88}"
EndProject
Project("{FAE04EC0-301F-11D3-BF4B-00C04F79EFBC}") = "Store.CSharp", "Store.CSharp.csproj", "{F47CB82C-0E54-A005-EA0F-BB18CD6862ED}"
EndProject
Project("{FAE04EC0-301F-11D3-BF4B-00C04F79EFBC}") = "Store.CSharp.Editor", "Store.CSharp.Editor.csproj", "{3CD52391-1F0E-2E2D-F3F9-048B99255CE2}"
EndProject
Global
	GlobalSection(SolutionConfigurationPlatforms) = preSolution
		Debug|Any CPU = Debug|Any CPU
		Release|Any CPU = Release|Any CPU
	EndGlobalSection
	GlobalSection(ProjectConfigurationPlatforms) = postSolution
		{0C03A208-C656-1D88-2504-29012CE75F88}.Debug|Any CPU.ActiveCfg = Debug|Any CPU
		{0C03A208-C656-1D88-2504-29012CE75F88}.Debug|Any CPU.Build.0 = Debug|Any CPU
		{0C03A208-C656-1D88-2504-29012CE75F88}.Release|Any CPU.ActiveCfg = Release|Any CPU
		{0C03A208-C656-1D88-2504-29012CE75F88}.Release|Any CPU.Build.0 = Release|Any CPU
		{F47CB82C-0E54-A005-EA0F-BB18CD6862ED}.Debug|Any CPU.ActiveCfg = Debug|Any CPU
		{F47CB82C-0E54-A005-EA0F-BB18CD6862ED}.Debug|Any CPU.Build.0 = Debug|Any CPU
		{F47CB82C-0E54-A005-EA0F-BB18CD6862ED}.Release|Any CPU.ActiveCfg = Release|Any CPU
		{F47CB82C-0E54-A005-EA0F-BB18CD6862ED}.Release|Any CPU.Build.0 = Release|Any CPU
		{3CD52391-1F0E-2E2D-F3F9-048B99255CE2}.Debug|Any CPU.ActiveCfg = Debug|Any CPU
		{3CD52391-1F0E-2E2D-F3F9-048B99255CE2}.Debug|Any CPU.Build.0 = Debug|Any CPU
		{3CD52391-1F0E-2E2D-F3F9-048B99255CE2}.Release|Any CPU.ActiveCfg = Release|Any CPU
		{3CD52391-1F0E-2E2D-F3F9-048B99255CE2}.Release|Any CPU.Build.0 = Release|Any CPU
	EndGlobalSection
	GlobalSection(SolutionProperties) = preSolution
		HideSolutionNode = FALSE
	EndGlobalSection
EndGlobal
